<?xml version="1.0" encoding="utf-8"?>
<Project ToolsVersion="4.0" xmlns="http://schemas.microsoft.com/developer/msbuild/2003">
  <ItemGroup>
    <ClCompile Include="BlueDwarf.cpp" />
    <ClCompile Include="BulletBase.cpp" />
    <ClCompile Include="BulletBlue.cpp" />
    <ClCompile Include="BulletManager.cpp" />
    <ClCompile Include="BulletRed.cpp" />
    <ClCompile Include="BulletTarget.cpp" />
    <ClCompile Include="Clear.cpp" />
    <ClCompile Include="CollectionPoint.cpp" />
    <ClCompile Include="Collector.cpp" />
    <ClCompile Include="DwarfStageCollision.cpp" />
    <ClCompile Include="GameOver.cpp" />
    <ClCompile Include="GamePolygon.cpp" />
    <ClCompile Include="Shadow.cpp" />
    <ClCompile Include="Squre.cpp" />
    <ClCompile Include="StageObjectBase.cpp" />
    <ClCompile Include="RedDwarf.cpp" />
    <ClCompile Include="Camera.cpp" />
    <ClCompile Include="CharacterBase.cpp" />
    <ClCompile Include="Collision.cpp" />
    <ClCompile Include="Controller.cpp" />
    <ClCompile Include="Cube.cpp" />
    <ClCompile Include="DirectX.cpp" />
    <ClCompile Include="DrawBuffer.cpp" />
    <ClCompile Include="Enemy.cpp" />
    <ClCompile Include="EnemyBase.cpp" />
    <ClCompile Include="EnemyManager.cpp" />
    <ClCompile Include="FBX\FBXLoadAnimation.cpp" />
    <ClCompile Include="FBX\FBXLoadBone.cpp" />
    <ClCompile Include="FBX\FBXLoader.cpp" />
    <ClCompile Include="FBX\FBXLoadMaterial.cpp" />
    <ClCompile Include="FBX\FBXLoadMesh.cpp" />
    <ClCompile Include="FBX\FBXPlayer.cpp" />
    <ClCompile Include="Sound.cpp" />
    <ClCompile Include="Stage.cpp" />
    <ClCompile Include="GameObject.cpp" />
    <ClCompile Include="GameScene.cpp" />
    <ClCompile Include="Input.cpp" />
    <ClCompile Include="Main.cpp" />
    <ClCompile Include="Model.cpp" />
    <ClCompile Include="MyMath.cpp" />
    <ClCompile Include="MyVector.cpp" />
    <ClCompile Include="DwarfBase.cpp" />
    <ClCompile Include="DwarfManager.cpp" />
    <ClCompile Include="Player.cpp" />
    <ClCompile Include="PlayerToEnemy.cpp" />
    <ClCompile Include="ResultScene.cpp" />
    <ClCompile Include="Scene.cpp" />
    <ClCompile Include="SceneManager.cpp" />
    <ClCompile Include="SelectScene.cpp" />
    <ClCompile Include="Shader.cpp" />
    <ClCompile Include="StageManager.cpp" />
    <ClCompile Include="StageObjectManager.cpp" />
    <ClCompile Include="Startup.cpp" />
    <ClCompile Include="Texture.cpp" />
    <ClCompile Include="Timer.cpp" />
    <ClCompile Include="TitleScene.cpp" />
    <ClCompile Include="TPScamera.cpp" />
    <ClCompile Include="Score.cpp" />
    <ClCompile Include="Tutorial.cpp" />
  </ItemGroup>
  <ItemGroup>
    <ClInclude Include="BlueDwarf.h" />
    <ClInclude Include="BulletBase.h" />
    <ClInclude Include="BulletBlue.h" />
    <ClInclude Include="BulletManager.h" />
    <ClInclude Include="BulletRed.h" />
    <ClInclude Include="BulletTarget.h" />
    <ClInclude Include="Clear.h" />
    <ClInclude Include="CollectionPoint.h" />
    <ClInclude Include="Collector.h" />
    <ClInclude Include="DwarfStageCollision.h" />
    <ClInclude Include="GameOver.h" />
    <ClInclude Include="GamePolygon.h" />
    <ClInclude Include="Shadow.h" />
    <ClInclude Include="Squre.h" />
    <ClInclude Include="StageObjectBase.h" />
    <ClInclude Include="RedDwarf.h" />
    <ClInclude Include="Camera.h" />
    <ClInclude Include="CharacterBase.h" />
    <ClInclude Include="Collision.h" />
    <ClInclude Include="Controller.h" />
    <ClInclude Include="Cube.h" />
    <ClInclude Include="Defines.h" />
    <ClInclude Include="DirectX.h" />
    <ClInclude Include="DrawBuffer.h" />
    <ClInclude Include="Enemy.h" />
    <ClInclude Include="EnemyBase.h" />
    <ClInclude Include="EnemyManager.h" />
    <ClInclude Include="FBX\FBXLoadAnimation.h" />
    <ClInclude Include="FBX\FBXLoadBone.h" />
    <ClInclude Include="FBX\FBXLoader.h" />
    <ClInclude Include="FBX\FBXLoadMaterial.h" />
    <ClInclude Include="FBX\FBXLoadMesh.h" />
    <ClInclude Include="FBX\FBXPlayer.h" />
    <ClInclude Include="Sound.h" />
    <ClInclude Include="SoundData.h" />
    <ClInclude Include="SoundData.hpp" />
    <ClInclude Include="Stage.h" />
    <ClInclude Include="GameObject.h" />
    <ClInclude Include="GameScene.h" />
    <ClInclude Include="Input.h" />
    <ClInclude Include="Main.h" />
    <ClInclude Include="Model.h" />
    <ClInclude Include="MyMath.h" />
    <ClInclude Include="MyVector.h" />
    <ClInclude Include="DwarfBase.h" />
    <ClInclude Include="DwarfManager.h" />
    <ClInclude Include="Player.h" />
    <ClInclude Include="PlayerToEnemy.h" />
    <ClInclude Include="ResultScene.h" />
    <ClInclude Include="Scene.h" />
    <ClInclude Include="SceneManager.h" />
    <ClInclude Include="SelectScene.h" />
    <ClInclude Include="Shader.h" />
    <ClInclude Include="StageManager.h" />
    <ClInclude Include="StageObjectManager.h" />
    <ClInclude Include="Texture.h" />
    <ClInclude Include="Timer.h" />
    <ClInclude Include="TitleScene.h" />
    <ClInclude Include="TPScamera.h" />
    <ClInclude Include="Score.h" />
    <ClInclude Include="Tutorial.h" />
    <ClInclude Include="XMFloatHelper.h" />
  </ItemGroup>
</Project>